// !$*UTF8*$!
{
	archiveVersion = 1;
	classes = {
	};
	objectVersion = 46;
	objects = {

/* Begin PBXBuildFile section */
		FEFF7DD61D1060810034849B /* AppDelegate.swift in Sources */ = {isa = PBXBuildFile; fileRef = FEFF7DD51D1060810034849B /* AppDelegate.swift */; };
		FEFF7DD81D1060810034849B /* ViewController.swift in Sources */ = {isa = PBXBuildFile; fileRef = FEFF7DD71D1060810034849B /* ViewController.swift */; };
		FEFF7DDD1D1060810034849B /* Assets.xcassets in Resources */ = {isa = PBXBuildFile; fileRef = FEFF7DDC1D1060810034849B /* Assets.xcassets */; };
		FEFF7DE01D1060810034849B /* LaunchScreen.storyboard in Resources */ = {isa = PBXBuildFile; fileRef = FEFF7DDE1D1060810034849B /* LaunchScreen.storyboard */; };
		FEFF7DE91D106ACF0034849B /* Main.storyboard in Resources */ = {isa = PBXBuildFile; fileRef = FEFF7DE81D106ACF0034849B /* Main.storyboard */; };
/* End PBXBuildFile section */

/* Begin PBXFileReference section */
		FEFF7DD21D1060810034849B /* Counter.app */ = {isa = PBXFileReference; explicitFileType = wrapper.application; includeInIndex = 0; path = Counter.app; sourceTree = BUILT_PRODUCTS_DIR; };
		FEFF7DD51D1060810034849B /* AppDelegate.swift */ = {isa = PBXFileReference; lastKnownFileType = sourcecode.swift; path = AppDelegate.swift; sourceTree = "<group>"; };
		FEFF7DD71D1060810034849B /* ViewController.swift */ = {isa = PBXFileReference; lastKnownFileType = sourcecode.swift; path = ViewController.swift; sourceTree = "<group>"; };
		FEFF7DDC1D1060810034849B /* Assets.xcassets */ = {isa = PBXFileReference; lastKnownFileType = folder.assetcatalog; path = Assets.xcassets; sourceTree = "<group>"; };
		FEFF7DDF1D1060810034849B /* Base */ = {isa = PBXFileReference; lastKnownFileType = file.storyboard; name = Base; path = Base.lproj/LaunchScreen.storyboard; sourceTree = "<group>"; };
		FEFF7DE11D1060810034849B /* Info.plist */ = {isa = PBXFileReference; lastKnownFileType = text.plist.xml; path = Info.plist; sourceTree = "<group>"; };
		FEFF7DE81D106ACF0034849B /* Main.storyboard */ = {isa = PBXFileReference; fileEncoding = 4; lastKnownFileType = file.storyboard; path = Main.storyboard; sourceTree = "<group>"; };
/* End PBXFileReference section */

/* Begin PBXFrameworksBuildPhase section */
		FEFF7DCF1D1060810034849B /* Frameworks */ = {
			isa = PBXFrameworksBuildPhase;
			buildActionMask = 2147483647;
			files = (
			);
			runOnlyForDeploymentPostprocessing = 0;
		};
/* End PBXFrameworksBuildPhase section */

/* Begin PBXGroup section */
		FEFF7DC91D1060810034849B = {
			isa = PBXGroup;
			children = (
				FEFF7DD41D1060810034849B /* Counter */,
				FEFF7DD31D1060810034849B /* Products */,
			);
			sourceTree = "<group>";
		};
		FEFF7DD31D1060810034849B /* Products */ = {
			isa = PBXGroup;
			children = (
				FEFF7DD21D1060810034849B /* Counter.app */,
			);
			name = Products;
			sourceTree = "<group>";
		};
		FEFF7DD41D1060810034849B /* Counter */ = {
			isa = PBXGroup;
			children = (
				FEFF7DD51D1060810034849B /* AppDelegate.swift */,
				FEFF7DD71D1060810034849B /* ViewController.swift */,
				FEFF7DE81D106ACF0034849B /* Main.storyboard */,
				FEFF7DDC1D1060810034849B /* Assets.xcassets */,
				FEFF7DDE1D1060810034849B /* LaunchScreen.storyboard */,
				FEFF7DE11D1060810034849B /* Info.plist */,
			);
			path = Counter;
			sourceTree = "<group>";
		};
/* End PBXGroup section */

/* Begin PBXNativeTarget section */
		FEFF7DD11D1060810034849B /* Counter */ = {
			isa = PBXNativeTarget;
			buildConfigurationList = FEFF7DE41D1060810034849B /* Build configuration list for PBXNativeTarget "Counter" */;
			buildPhases = (
				FEFF7DE71D106A450034849B /* Swift Linter */,
				FEFF7DCE1D1060810034849B /* Sources */,
				FEFF7DCF1D1060810034849B /* Frameworks */,
				FEFF7DD01D1060810034849B /* Resources */,
			);
			buildRules = (
			);
			dependencies = (
			);
			name = Counter;
			productName = Counter;
			productReference = FEFF7DD21D1060810034849B /* Counter.app */;
			productType = "com.apple.product-type.application";
		};
/* End PBXNativeTarget section */

/* Begin PBXProject section */
		FEFF7DCA1D1060810034849B /* Project object */ = {
			isa = PBXProject;
			attributes = {
				LastSwiftUpdateCheck = 0730;
				LastUpgradeCheck = 0800;
				ORGANIZATIONNAME = sodas;
				TargetAttributes = {
					FEFF7DD11D1060810034849B = {
						CreatedOnToolsVersion = 7.3;
					};
				};
			};
			buildConfigurationList = FEFF7DCD1D1060810034849B /* Build configuration list for PBXProject "Counter" */;
			compatibilityVersion = "Xcode 3.2";
			developmentRegion = English;
			hasScannedForEncodings = 0;
			knownRegions = (
				en,
				Base,
			);
			mainGroup = FEFF7DC91D1060810034849B;
			productRefGroup = FEFF7DD31D1060810034849B /* Products */;
			projectDirPath = "";
			projectRoot = "";
			targets = (
				FEFF7DD11D1060810034849B /* Counter */,
			);
		};
/* End PBXProject section */

/* Begin PBXResourcesBuildPhase section */
		FEFF7DD01D1060810034849B /* Resources */ = {
			isa = PBXResourcesBuildPhase;
			buildActionMask = 2147483647;
			files = (
				FEFF7DE91D106ACF0034849B /* Main.storyboard in Resources */,
				FEFF7DE01D1060810034849B /* LaunchScreen.storyboard in Resources */,
				FEFF7DDD1D1060810034849B /* Assets.xcassets in Resources */,
			);
			runOnlyForDeploymentPostprocessing = 0;
		};
/* End PBXResourcesBuildPhase section */

/* Begin PBXShellScriptBuildPhase section */
		FEFF7DE71D106A450034849B /* Swift Linter */ = {
			isa = PBXShellScriptBuildPhase;
			buildActionMask = 2147483647;
			files = (
			);
			inputPaths = (
			);
			name = "Swift Linter";
			outputPaths = (
			);
			runOnlyForDeploymentPostprocessing = 0;
			shellPath = /bin/sh;
			shellScript = "which swiftlint > /dev/null && swiftlint || true";
		};
/* End PBXShellScriptBuildPhase section */

/* Begin PBXSourcesBuildPhase section */
		FEFF7DCE1D1060810034849B /* Sources */ = {
			isa = PBXSourcesBuildPhase;
			buildActionMask = 2147483647;
			files = (
				FEFF7DD81D1060810034849B /* ViewController.swift in Sources */,
				FEFF7DD61D1060810034849B /* AppDelegate.swift in Sources */,
			);
			runOnlyForDeploymentPostprocessing = 0;
		};
/* End PBXSourcesBuildPhase section */

/* Begin PBXVariantGroup section */
		FEFF7DDE1D1060810034849B /* LaunchScreen.storyboard */ = {
			isa = PBXVariantGroup;
			children = (
				FEFF7DDF1D1060810034849B /* Base */,
			);
			name = LaunchScreen.storyboard;
			sourceTree = "<group>";
		};
/* End PBXVariantGroup section */

/* Begin XCBuildConfiguration section */
		FEFF7DE21D1060810034849B /* Debug */ = {
			isa = XCBuildConfiguration;
			buildSettings = {
				ALWAYS_SEARCH_USER_PATHS = NO;
				CLANG_ANALYZER_NONNULL = YES;
				CLANG_CXX_LANGUAGE_STANDARD = "gnu++0x";
				CLANG_CXX_LIBRARY = "libc++";
				CLANG_ENABLE_MODULES = YES;
				CLANG_ENABLE_OBJC_ARC = YES;
				CLANG_WARN_BOOL_CONVERSION = YES;
				CLANG_WARN_CONSTANT_CONVERSION = YES;
				CLANG_WARN_DIRECT_OBJC_ISA_USAGE = YES_ERROR;
				CLANG_WARN_EMPTY_BODY = YES;
				CLANG_WARN_ENUM_CONVERSION = YES;
				CLANG_WARN_INT_CONVERSION = YES;
				CLANG_WARN_OBJC_ROOT_CLASS = YES_ERROR;
				CLANG_WARN_UNREACHABLE_CODE = YES;
				CLANG_WARN__DUPLICATE_METHOD_MATCH = YES;
				"CODE_SIGN_IDENTITY[sdk=iphoneos*]" = "iPhone Developer";
				COPY_PHASE_STRIP = NO;
				DEBUG_INFORMATION_FORMAT = dwarf;
				ENABLE_STRICT_OBJC_MSGSEND = YES;
				ENABLE_TESTABILITY = YES;
				GCC_C_LANGUAGE_STANDARD = gnu99;
				GCC_DYNAMIC_NO_PIC = NO;
				GCC_NO_COMMON_BLOCKS = YES;
				GCC_OPTIMIZATION_LEVEL = 0;
				GCC_PREPROCESSOR_DEFINITIONS = (
					"DEBUG=1",
					"$(inherited)",
				);
				GCC_WARN_64_TO_32_BIT_CONVERSION = YES;
				GCC_WARN_ABOUT_RETURN_TYPE = YES_ERROR;
				GCC_WARN_UNDECLARED_SELECTOR = YES;
				GCC_WARN_UNINITIALIZED_AUTOS = YES_AGGRESSIVE;
				GCC_WARN_UNUSED_FUNCTION = YES;
				GCC_WARN_UNUSED_VARIABLE = YES;
				IPHONEOS_DEPLOYMENT_TARGET = 9.0;
				MTL_ENABLE_DEBUG_INFO = YES;
				ONLY_ACTIVE_ARCH = YES;
				SDKROOT = iphoneos;
				SWIFT_OPTIMIZATION_LEVEL = "-Onone";
				TARGETED_DEVICE_FAMILY = "1,2";
			};
			name = Debug;
		};
		FEFF7DE31D1060810034849B /* Release */ = {
			isa = XCBuildConfiguration;
			buildSettings = {
				ALWAYS_SEARCH_USER_PATHS = NO;
				CLANG_ANALYZER_NONNULL = YES;
				CLANG_CXX_LANGUAGE_STANDARD = "gnu++0x";
				CLANG_CXX_LIBRARY = "libc++";
				CLANG_ENABLE_MODULES = YES;
				CLANG_ENABLE_OBJC_ARC = YES;
				CLANG_WARN_BOOL_CONVERSION = YES;
				CLANG_WARN_CONSTANT_CONVERSION = YES;
				CLANG_WARN_DIRECT_OBJC_ISA_USAGE = YES_ERROR;
				CLANG_WARN_EMPTY_BODY = YES;
				CLANG_WARN_ENUM_CONVERSION = YES;
				CLANG_WARN_INT_CONVERSION = YES;
				CLANG_WARN_OBJC_ROOT_CLASS = YES_ERROR;
				CLANG_WARN_UNREACHABLE_CODE = YES;
				CLANG_WARN__DUPLICATE_METHOD_MATCH = YES;
				"CODE_SIGN_IDENTITY[sdk=iphoneos*]" = "iPhone Developer";
				COPY_PHASE_STRIP = NO;
				DEBUG_INFORMATION_FORMAT = "dwarf-with-dsym";
				ENABLE_NS_ASSERTIONS = NO;
				ENABLE_STRICT_OBJC_MSGSEND = YES;
				GCC_C_LANGUAGE_STANDARD = gnu99;
				GCC_NO_COMMON_BLOCKS = YES;
				GCC_WARN_64_TO_32_BIT_CONVERSION = YES;
				GCC_WARN_ABOUT_RETURN_TYPE = YES_ERROR;
				GCC_WARN_UNDECLARED_SELECTOR = YES;
				GCC_WARN_UNINITIALIZED_AUTOS = YES_AGGRESSIVE;
				GCC_WARN_UNUSED_FUNCTION = YES;
				GCC_WARN_UNUSED_VARIABLE = YES;
				IPHONEOS_DEPLOYMENT_TARGET = 9.0;
				MTL_ENABLE_DEBUG_INFO = NO;
				SDKROOT = iphoneos;
				TARGETED_DEVICE_FAMILY = "1,2";
				VALIDATE_PRODUCT = YES;
			};
			name = Release;
		};
		FEFF7DE51D1060810034849B /* Debug */ = {
			isa = XCBuildConfiguration;
			buildSettings = {
				ASSETCATALOG_COMPILER_APPICON_NAME = AppIcon;
				INFOPLIST_FILE = Counter/Info.plist;
				IPHONEOS_DEPLOYMENT_TARGET = 9.0;
				LD_RUNPATH_SEARCH_PATHS = "$(inherited) @executable_path/Frameworks";
				PRODUCT_BUNDLE_IDENTIFIER = tw.sodas.Counter;
				PRODUCT_NAME = "$(TARGET_NAME)";
			};
			name = Debug;
		};
		FEFF7DE61D1060810034849B /* Release */ = {
			isa = XCBuildConfiguration;
			buildSettings = {
				ASSETCATALOG_COMPILER_APPICON_NAME = AppIcon;
				INFOPLIST_FILE = Counter/Info.plist;
				IPHONEOS_DEPLOYMENT_TARGET = 9.0;
				LD_RUNPATH_SEARCH_PATHS = "$(inherited) @executable_path/Frameworks";
				PRODUCT_BUNDLE_IDENTIFIER = tw.sodas.Counter;
				PRODUCT_NAME = "$(TARGET_NAME)";
				SWIFT_OPTIMIZATION_LEVEL = "-Owholemodule";
			};
			name = Release;
		};
/* End XCBuildConfiguration section */

/* Begin XCConfigurationList section */
		FEFF7DCD1D1060810034849B /* Build configuration list for PBXProject "Counter" */ = {
			isa = XCConfigurationList;
			buildConfigurations = (
				FEFF7DE21D1060810034849B /* Debug */,
				FEFF7DE31D1060810034849B /* Release */,
			);
			defaultConfigurationIsVisible = 0;
			defaultConfigurationName = Release;
		};
		FEFF7DE41D1060810034849B /* Build configuration list for PBXNativeTarget "Counter" */ = {
			isa = XCConfigurationList;
			buildConfigurations = (
				FEFF7DE51D1060810034849B /* Debug */,
				FEFF7DE61D1060810034849B /* Release */,
			);
			defaultConfigurationIsVisible = 0;
			defaultConfigurationName = Release;
		};
/* End XCConfigurationList section */
	};
	rootObject = FEFF7DCA1D1060810034849B /* Project object */;
}
